
Microsoft Visual Studio Solution File, Format Version 12.00
# Visual Studio 15
Project("{FAE04EC0-301F-11D3-BF4B-00C04F79EFBC}") = "chromat", "chromat\chromat.csproj", "{8E645761-D052-4ED9-84D8-4F0ED0195AAA}"
EndProject
Project("{FAE04EC0-301F-11D3-BF4B-00C04F79EFBC}") = "chromat.Tests", "chromat.Tests\chromat.Tests.csproj", "{76C443C9-8B8D-4B46-B38E-8ACFBE7BD552}"
EndProject
Global
	GlobalSection(SolutionConfigurationPlatforms) = preSolution
		Debug|Any CPU = Debug|Any CPU
		Release|Any CPU = Release|Any CPU
	EndGlobalSection
	GlobalSection(ProjectConfigurationPlatforms) = postSolution
		{8E645761-D052-4ED9-84D8-4F0ED0195AAA}.Debug|Any CPU.ActiveCfg = Debug|Any CPU
		{8E645761-D052-4ED9-84D8-4F0ED0195AAA}.Debug|Any CPU.Build.0 = Debug|Any CPU
		{8E645761-D052-4ED9-84D8-4F0ED0195AAA}.Release|Any CPU.ActiveCfg = Release|Any CPU
		{8E645761-D052-4ED9-84D8-4F0ED0195AAA}.Release|Any CPU.Build.0 = Release|Any CPU
		{76C443C9-8B8D-4B46-B38E-8ACFBE7BD552}.Debug|Any CPU.ActiveCfg = Debug|Any CPU
		{76C443C9-8B8D-4B46-B38E-8ACFBE7BD552}.Debug|Any CPU.Build.0 = Debug|Any CPU
		{76C443C9-8B8D-4B46-B38E-8ACFBE7BD552}.Release|Any CPU.ActiveCfg = Release|Any CPU
		{76C443C9-8B8D-4B46-B38E-8ACFBE7BD552}.Release|Any CPU.Build.0 = Release|Any CPU
	EndGlobalSection
EndGlobal
